// !$*UTF8*$!
{
	archiveVersion = 1;
	classes = {
	};
	objectVersion = 46;
	objects = {

/* Begin PBXBuildFile section */
		6A40A8B41DE0780D00DFFEFB /* AppDelegate.swift in Sources */ = {isa = PBXBuildFile; fileRef = 6A40A8B31DE0780D00DFFEFB /* AppDelegate.swift */; };
		6A40A8B61DE0780D00DFFEFB /* ViewController.swift in Sources */ = {isa = PBXBuildFile; fileRef = 6A40A8B51DE0780D00DFFEFB /* ViewController.swift */; };
		6A40A8B91DE0780D00DFFEFB /* Main.storyboard in Resources */ = {isa = PBXBuildFile; fileRef = 6A40A8B71DE0780D00DFFEFB /* Main.storyboard */; };
		6A40A8BB1DE0780D00DFFEFB /* Assets.xcassets in Resources */ = {isa = PBXBuildFile; fileRef = 6A40A8BA1DE0780D00DFFEFB /* Assets.xcassets */; };
		6A40A8BE1DE0780D00DFFEFB /* LaunchScreen.storyboard in Resources */ = {isa = PBXBuildFile; fileRef = 6A40A8BC1DE0780D00DFFEFB /* LaunchScreen.storyboard */; };
		6A40A8C91DE0780D00DFFEFB /* RTMenuControllerDemoTests.swift in Sources */ = {isa = PBXBuildFile; fileRef = 6A40A8C81DE0780D00DFFEFB /* RTMenuControllerDemoTests.swift */; };
		6A40A8D41DE0780D00DFFEFB /* RTMenuControllerDemoUITests.swift in Sources */ = {isa = PBXBuildFile; fileRef = 6A40A8D31DE0780D00DFFEFB /* RTMenuControllerDemoUITests.swift */; };
		6BAC402B80FE2EB718C73E37 /* Pods_RTMenuControllerDemoUITests.framework in Frameworks */ = {isa = PBXBuildFile; fileRef = 5539E58D57BFF45EBF51EE9B /* Pods_RTMenuControllerDemoUITests.framework */; };
		A443502C8D32D88DFBA93D15 /* Pods_RTMenuControllerDemoTests.framework in Frameworks */ = {isa = PBXBuildFile; fileRef = 43377FFF5AFC0580588D0CA6 /* Pods_RTMenuControllerDemoTests.framework */; };
		B08A396C812903CF147796C3 /* Pods_RTMenuControllerDemo.framework in Frameworks */ = {isa = PBXBuildFile; fileRef = 5DB461B46A0B5A23E774B3C0 /* Pods_RTMenuControllerDemo.framework */; };
/* End PBXBuildFile section */

/* Begin PBXContainerItemProxy section */
		6A40A8C51DE0780D00DFFEFB /* PBXContainerItemProxy */ = {
			isa = PBXContainerItemProxy;
			containerPortal = 6A40A8A81DE0780C00DFFEFB /* Project object */;
			proxyType = 1;
			remoteGlobalIDString = 6A40A8AF1DE0780C00DFFEFB;
			remoteInfo = RTMenuControllerDemo;
		};
		6A40A8D01DE0780D00DFFEFB /* PBXContainerItemProxy */ = {
			isa = PBXContainerItemProxy;
			containerPortal = 6A40A8A81DE0780C00DFFEFB /* Project object */;
			proxyType = 1;
			remoteGlobalIDString = 6A40A8AF1DE0780C00DFFEFB;
			remoteInfo = RTMenuControllerDemo;
		};
/* End PBXContainerItemProxy section */

/* Begin PBXFileReference section */
		1BFAB2FE7F58EA6768D8882B /* Pods-RTMenuControllerDemoTests.release.xcconfig */ = {isa = PBXFileReference; includeInIndex = 1; lastKnownFileType = text.xcconfig; name = "Pods-RTMenuControllerDemoTests.release.xcconfig"; path = "Pods/Target Support Files/Pods-RTMenuControllerDemoTests/Pods-RTMenuControllerDemoTests.release.xcconfig"; sourceTree = "<group>"; };
		3025B7E825D4A4D4C85534F8 /* Pods-RTMenuControllerDemoUITests.release.xcconfig */ = {isa = PBXFileReference; includeInIndex = 1; lastKnownFileType = text.xcconfig; name = "Pods-RTMenuControllerDemoUITests.release.xcconfig"; path = "Pods/Target Support Files/Pods-RTMenuControllerDemoUITests/Pods-RTMenuControllerDemoUITests.release.xcconfig"; sourceTree = "<group>"; };
		32DA75E307E73814C2B6C071 /* Pods-RTMenuControllerDemo.debug.xcconfig */ = {isa = PBXFileReference; includeInIndex = 1; lastKnownFileType = text.xcconfig; name = "Pods-RTMenuControllerDemo.debug.xcconfig"; path = "Pods/Target Support Files/Pods-RTMenuControllerDemo/Pods-RTMenuControllerDemo.debug.xcconfig"; sourceTree = "<group>"; };
		43377FFF5AFC0580588D0CA6 /* Pods_RTMenuControllerDemoTests.framework */ = {isa = PBXFileReference; explicitFileType = wrapper.framework; includeInIndex = 0; path = Pods_RTMenuControllerDemoTests.framework; sourceTree = BUILT_PRODUCTS_DIR; };
		5539E58D57BFF45EBF51EE9B /* Pods_RTMenuControllerDemoUITests.framework */ = {isa = PBXFileReference; explicitFileType = wrapper.framework; includeInIndex = 0; path = Pods_RTMenuControllerDemoUITests.framework; sourceTree = BUILT_PRODUCTS_DIR; };
		5B369D631D783606945D9FFA /* Pods-RTMenuControllerDemo.release.xcconfig */ = {isa = PBXFileReference; includeInIndex = 1; lastKnownFileType = text.xcconfig; name = "Pods-RTMenuControllerDemo.release.xcconfig"; path = "Pods/Target Support Files/Pods-RTMenuControllerDemo/Pods-RTMenuControllerDemo.release.xcconfig"; sourceTree = "<group>"; };
		5B5F6E0145E0D3F60DC16A8E /* Pods-RTMenuControllerDemoUITests.debug.xcconfig */ = {isa = PBXFileReference; includeInIndex = 1; lastKnownFileType = text.xcconfig; name = "Pods-RTMenuControllerDemoUITests.debug.xcconfig"; path = "Pods/Target Support Files/Pods-RTMenuControllerDemoUITests/Pods-RTMenuControllerDemoUITests.debug.xcconfig"; sourceTree = "<group>"; };
		5DB461B46A0B5A23E774B3C0 /* Pods_RTMenuControllerDemo.framework */ = {isa = PBXFileReference; explicitFileType = wrapper.framework; includeInIndex = 0; path = Pods_RTMenuControllerDemo.framework; sourceTree = BUILT_PRODUCTS_DIR; };
		6A40A8B01DE0780C00DFFEFB /* RTMenuControllerDemo.app */ = {isa = PBXFileReference; explicitFileType = wrapper.application; includeInIndex = 0; path = RTMenuControllerDemo.app; sourceTree = BUILT_PRODUCTS_DIR; };
		6A40A8B31DE0780D00DFFEFB /* AppDelegate.swift */ = {isa = PBXFileReference; lastKnownFileType = sourcecode.swift; path = AppDelegate.swift; sourceTree = "<group>"; };
		6A40A8B51DE0780D00DFFEFB /* ViewController.swift */ = {isa = PBXFileReference; lastKnownFileType = sourcecode.swift; path = ViewController.swift; sourceTree = "<group>"; };
		6A40A8B81DE0780D00DFFEFB /* Base */ = {isa = PBXFileReference; lastKnownFileType = file.storyboard; name = Base; path = Base.lproj/Main.storyboard; sourceTree = "<group>"; };
		6A40A8BA1DE0780D00DFFEFB /* Assets.xcassets */ = {isa = PBXFileReference; lastKnownFileType = folder.assetcatalog; path = Assets.xcassets; sourceTree = "<group>"; };
		6A40A8BD1DE0780D00DFFEFB /* Base */ = {isa = PBXFileReference; lastKnownFileType = file.storyboard; name = Base; path = Base.lproj/LaunchScreen.storyboard; sourceTree = "<group>"; };
		6A40A8BF1DE0780D00DFFEFB /* Info.plist */ = {isa = PBXFileReference; lastKnownFileType = text.plist.xml; path = Info.plist; sourceTree = "<group>"; };
		6A40A8C41DE0780D00DFFEFB /* RTMenuControllerDemoTests.xctest */ = {isa = PBXFileReference; explicitFileType = wrapper.cfbundle; includeInIndex = 0; path = RTMenuControllerDemoTests.xctest; sourceTree = BUILT_PRODUCTS_DIR; };
		6A40A8C81DE0780D00DFFEFB /* RTMenuControllerDemoTests.swift */ = {isa = PBXFileReference; lastKnownFileType = sourcecode.swift; path = RTMenuControllerDemoTests.swift; sourceTree = "<group>"; };
		6A40A8CA1DE0780D00DFFEFB /* Info.plist */ = {isa = PBXFileReference; lastKnownFileType = text.plist.xml; path = Info.plist; sourceTree = "<group>"; };
		6A40A8CF1DE0780D00DFFEFB /* RTMenuControllerDemoUITests.xctest */ = {isa = PBXFileReference; explicitFileType = wrapper.cfbundle; includeInIndex = 0; path = RTMenuControllerDemoUITests.xctest; sourceTree = BUILT_PRODUCTS_DIR; };
		6A40A8D31DE0780D00DFFEFB /* RTMenuControllerDemoUITests.swift */ = {isa = PBXFileReference; lastKnownFileType = sourcecode.swift; path = RTMenuControllerDemoUITests.swift; sourceTree = "<group>"; };
		6A40A8D51DE0780D00DFFEFB /* Info.plist */ = {isa = PBXFileReference; lastKnownFileType = text.plist.xml; path = Info.plist; sourceTree = "<group>"; };
		804C252BDF326BB11D048049 /* Pods-RTMenuControllerDemoTests.debug.xcconfig */ = {isa = PBXFileReference; includeInIndex = 1; lastKnownFileType = text.xcconfig; name = "Pods-RTMenuControllerDemoTests.debug.xcconfig"; path = "Pods/Target Support Files/Pods-RTMenuControllerDemoTests/Pods-RTMenuControllerDemoTests.debug.xcconfig"; sourceTree = "<group>"; };
/* End PBXFileReference section */

/* Begin PBXFrameworksBuildPhase section */
		6A40A8AD1DE0780C00DFFEFB /* Frameworks */ = {
			isa = PBXFrameworksBuildPhase;
			buildActionMask = 2147483647;
			files = (
				B08A396C812903CF147796C3 /* Pods_RTMenuControllerDemo.framework in Frameworks */,
			);
			runOnlyForDeploymentPostprocessing = 0;
		};
		6A40A8C11DE0780D00DFFEFB /* Frameworks */ = {
			isa = PBXFrameworksBuildPhase;
			buildActionMask = 2147483647;
			files = (
				A443502C8D32D88DFBA93D15 /* Pods_RTMenuControllerDemoTests.framework in Frameworks */,
			);
			runOnlyForDeploymentPostprocessing = 0;
		};
		6A40A8CC1DE0780D00DFFEFB /* Frameworks */ = {
			isa = PBXFrameworksBuildPhase;
			buildActionMask = 2147483647;
			files = (
				6BAC402B80FE2EB718C73E37 /* Pods_RTMenuControllerDemoUITests.framework in Frameworks */,
			);
			runOnlyForDeploymentPostprocessing = 0;
		};
/* End PBXFrameworksBuildPhase section */

/* Begin PBXGroup section */
		234EA270F7A99EC41B0345F0 /* Frameworks */ = {
			isa = PBXGroup;
			children = (
				5DB461B46A0B5A23E774B3C0 /* Pods_RTMenuControllerDemo.framework */,
				43377FFF5AFC0580588D0CA6 /* Pods_RTMenuControllerDemoTests.framework */,
				5539E58D57BFF45EBF51EE9B /* Pods_RTMenuControllerDemoUITests.framework */,
			);
			name = Frameworks;
			sourceTree = "<group>";
		};
		3AAD67FA8AE0C22573A6B154 /* Pods */ = {
			isa = PBXGroup;
			children = (
				32DA75E307E73814C2B6C071 /* Pods-RTMenuControllerDemo.debug.xcconfig */,
				5B369D631D783606945D9FFA /* Pods-RTMenuControllerDemo.release.xcconfig */,
				804C252BDF326BB11D048049 /* Pods-RTMenuControllerDemoTests.debug.xcconfig */,
				1BFAB2FE7F58EA6768D8882B /* Pods-RTMenuControllerDemoTests.release.xcconfig */,
				5B5F6E0145E0D3F60DC16A8E /* Pods-RTMenuControllerDemoUITests.debug.xcconfig */,
				3025B7E825D4A4D4C85534F8 /* Pods-RTMenuControllerDemoUITests.release.xcconfig */,
			);
			name = Pods;
			sourceTree = "<group>";
		};
		6A40A8A71DE0780C00DFFEFB = {
			isa = PBXGroup;
			children = (
				6A40A8B21DE0780C00DFFEFB /* RTMenuControllerDemo */,
				6A40A8C71DE0780D00DFFEFB /* RTMenuControllerDemoTests */,
				6A40A8D21DE0780D00DFFEFB /* RTMenuControllerDemoUITests */,
				6A40A8B11DE0780C00DFFEFB /* Products */,
				3AAD67FA8AE0C22573A6B154 /* Pods */,
				234EA270F7A99EC41B0345F0 /* Frameworks */,
			);
			sourceTree = "<group>";
		};
		6A40A8B11DE0780C00DFFEFB /* Products */ = {
			isa = PBXGroup;
			children = (
				6A40A8B01DE0780C00DFFEFB /* RTMenuControllerDemo.app */,
				6A40A8C41DE0780D00DFFEFB /* RTMenuControllerDemoTests.xctest */,
				6A40A8CF1DE0780D00DFFEFB /* RTMenuControllerDemoUITests.xctest */,
			);
			name = Products;
			sourceTree = "<group>";
		};
		6A40A8B21DE0780C00DFFEFB /* RTMenuControllerDemo */ = {
			isa = PBXGroup;
			children = (
				6A40A8B31DE0780D00DFFEFB /* AppDelegate.swift */,
				6A40A8B51DE0780D00DFFEFB /* ViewController.swift */,
				6A40A8B71DE0780D00DFFEFB /* Main.storyboard */,
				6A40A8BA1DE0780D00DFFEFB /* Assets.xcassets */,
				6A40A8BC1DE0780D00DFFEFB /* LaunchScreen.storyboard */,
				6A40A8BF1DE0780D00DFFEFB /* Info.plist */,
			);
			path = RTMenuControllerDemo;
			sourceTree = "<group>";
		};
		6A40A8C71DE0780D00DFFEFB /* RTMenuControllerDemoTests */ = {
			isa = PBXGroup;
			children = (
				6A40A8C81DE0780D00DFFEFB /* RTMenuControllerDemoTests.swift */,
				6A40A8CA1DE0780D00DFFEFB /* Info.plist */,
			);
			path = RTMenuControllerDemoTests;
			sourceTree = "<group>";
		};
		6A40A8D21DE0780D00DFFEFB /* RTMenuControllerDemoUITests */ = {
			isa = PBXGroup;
			children = (
				6A40A8D31DE0780D00DFFEFB /* RTMenuControllerDemoUITests.swift */,
				6A40A8D51DE0780D00DFFEFB /* Info.plist */,
			);
			path = RTMenuControllerDemoUITests;
			sourceTree = "<group>";
		};
/* End PBXGroup section */

/* Begin PBXNativeTarget section */
		6A40A8AF1DE0780C00DFFEFB /* RTMenuControllerDemo */ = {
			isa = PBXNativeTarget;
			buildConfigurationList = 6A40A8D81DE0780D00DFFEFB /* Build configuration list for PBXNativeTarget "RTMenuControllerDemo" */;
			buildPhases = (
				9E31749FB7588D279BAC6D7C /* [CP] Check Pods Manifest.lock */,
				6A40A8AC1DE0780C00DFFEFB /* Sources */,
				6A40A8AD1DE0780C00DFFEFB /* Frameworks */,
				6A40A8AE1DE0780C00DFFEFB /* Resources */,
				F918B5278F89EEEBA2712795 /* [CP] Embed Pods Frameworks */,
				CDA9233734DDD466F96B0BE8 /* [CP] Copy Pods Resources */,
			);
			buildRules = (
			);
			dependencies = (
			);
			name = RTMenuControllerDemo;
			productName = RTMenuControllerDemo;
			productReference = 6A40A8B01DE0780C00DFFEFB /* RTMenuControllerDemo.app */;
			productType = "com.apple.product-type.application";
		};
		6A40A8C31DE0780D00DFFEFB /* RTMenuControllerDemoTests */ = {
			isa = PBXNativeTarget;
			buildConfigurationList = 6A40A8DB1DE0780D00DFFEFB /* Build configuration list for PBXNativeTarget "RTMenuControllerDemoTests" */;
			buildPhases = (
				91D8738CFAEEF6A3F74EB2F7 /* [CP] Check Pods Manifest.lock */,
				6A40A8C01DE0780D00DFFEFB /* Sources */,
				6A40A8C11DE0780D00DFFEFB /* Frameworks */,
				6A40A8C21DE0780D00DFFEFB /* Resources */,
				4E7B649F049F21CDD6AEC428 /* [CP] Embed Pods Frameworks */,
				76BBF2C3D132D62A47277909 /* [CP] Copy Pods Resources */,
			);
			buildRules = (
			);
			dependencies = (
				6A40A8C61DE0780D00DFFEFB /* PBXTargetDependency */,
			);
			name = RTMenuControllerDemoTests;
			productName = RTMenuControllerDemoTests;
			productReference = 6A40A8C41DE0780D00DFFEFB /* RTMenuControllerDemoTests.xctest */;
			productType = "com.apple.product-type.bundle.unit-test";
		};
		6A40A8CE1DE0780D00DFFEFB /* RTMenuControllerDemoUITests */ = {
			isa = PBXNativeTarget;
			buildConfigurationList = 6A40A8DE1DE0780D00DFFEFB /* Build configuration list for PBXNativeTarget "RTMenuControllerDemoUITests" */;
			buildPhases = (
				1C9F641DB6F410B9AA5DBD15 /* [CP] Check Pods Manifest.lock */,
				6A40A8CB1DE0780D00DFFEFB /* Sources */,
				6A40A8CC1DE0780D00DFFEFB /* Frameworks */,
				6A40A8CD1DE0780D00DFFEFB /* Resources */,
				7EB9A105217E0DEA4A88754B /* [CP] Copy Pods Resources */,
			);
			buildRules = (
			);
			dependencies = (
				6A40A8D11DE0780D00DFFEFB /* PBXTargetDependency */,
			);
			name = RTMenuControllerDemoUITests;
			productName = RTMenuControllerDemoUITests;
			productReference = 6A40A8CF1DE0780D00DFFEFB /* RTMenuControllerDemoUITests.xctest */;
			productType = "com.apple.product-type.bundle.ui-testing";
		};
/* End PBXNativeTarget section */

/* Begin PBXProject section */
		6A40A8A81DE0780C00DFFEFB /* Project object */ = {
			isa = PBXProject;
			attributes = {
				LastSwiftUpdateCheck = 0800;
				LastUpgradeCheck = 0800;
				ORGANIZATIONNAME = RyuichiTanimoto;
				TargetAttributes = {
					6A40A8AF1DE0780C00DFFEFB = {
						CreatedOnToolsVersion = 8.0;
						LastSwiftMigration = 0800;
						ProvisioningStyle = Automatic;
					};
					6A40A8C31DE0780D00DFFEFB = {
						CreatedOnToolsVersion = 8.0;
						LastSwiftMigration = 0800;
						ProvisioningStyle = Automatic;
						TestTargetID = 6A40A8AF1DE0780C00DFFEFB;
					};
					6A40A8CE1DE0780D00DFFEFB = {
						CreatedOnToolsVersion = 8.0;
						LastSwiftMigration = 0800;
						ProvisioningStyle = Automatic;
						TestTargetID = 6A40A8AF1DE0780C00DFFEFB;
					};
				};
			};
			buildConfigurationList = 6A40A8AB1DE0780C00DFFEFB /* Build configuration list for PBXProject "RTMenuControllerDemo" */;
			compatibilityVersion = "Xcode 3.2";
			developmentRegion = English;
			hasScannedForEncodings = 0;
			knownRegions = (
				en,
				Base,
			);
			mainGroup = 6A40A8A71DE0780C00DFFEFB;
			productRefGroup = 6A40A8B11DE0780C00DFFEFB /* Products */;
			projectDirPath = "";
			projectRoot = "";
			targets = (
				6A40A8AF1DE0780C00DFFEFB /* RTMenuControllerDemo */,
				6A40A8C31DE0780D00DFFEFB /* RTMenuControllerDemoTests */,
				6A40A8CE1DE0780D00DFFEFB /* RTMenuControllerDemoUITests */,
			);
		};
/* End PBXProject section */

/* Begin PBXResourcesBuildPhase section */
		6A40A8AE1DE0780C00DFFEFB /* Resources */ = {
			isa = PBXResourcesBuildPhase;
			buildActionMask = 2147483647;
			files = (
				6A40A8BE1DE0780D00DFFEFB /* LaunchScreen.storyboard in Resources */,
				6A40A8BB1DE0780D00DFFEFB /* Assets.xcassets in Resources */,
				6A40A8B91DE0780D00DFFEFB /* Main.storyboard in Resources */,
			);
			runOnlyForDeploymentPostprocessing = 0;
		};
		6A40A8C21DE0780D00DFFEFB /* Resources */ = {
			isa = PBXResourcesBuildPhase;
			buildActionMask = 2147483647;
			files = (
			);
			runOnlyForDeploymentPostprocessing = 0;
		};
		6A40A8CD1DE0780D00DFFEFB /* Resources */ = {
			isa = PBXResourcesBuildPhase;
			buildActionMask = 2147483647;
			files = (
			);
			runOnlyForDeploymentPostprocessing = 0;
		};
/* End PBXResourcesBuildPhase section */

/* Begin PBXShellScriptBuildPhase section */
		1C9F641DB6F410B9AA5DBD15 /* [CP] Check Pods Manifest.lock */ = {
			isa = PBXShellScriptBuildPhase;
			buildActionMask = 2147483647;
			files = (
			);
			inputPaths = (
			);
			name = "[CP] Check Pods Manifest.lock";
			outputPaths = (
			);
			runOnlyForDeploymentPostprocessing = 0;
			shellPath = /bin/sh;
			shellScript = "diff \"${PODS_ROOT}/../Podfile.lock\" \"${PODS_ROOT}/Manifest.lock\" > /dev/null\nif [[ $? != 0 ]] ; then\n    cat << EOM\nerror: The sandbox is not in sync with the Podfile.lock. Run 'pod install' or update your CocoaPods installation.\nEOM\n    exit 1\nfi\n";
			showEnvVarsInLog = 0;
		};
		4E7B649F049F21CDD6AEC428 /* [CP] Embed Pods Frameworks */ = {
			isa = PBXShellScriptBuildPhase;
			buildActionMask = 2147483647;
			files = (
			);
			inputPaths = (
			);
			name = "[CP] Embed Pods Frameworks";
			outputPaths = (
			);
			runOnlyForDeploymentPostprocessing = 0;
			shellPath = /bin/sh;
			shellScript = "\"${SRCROOT}/Pods/Target Support Files/Pods-RTMenuControllerDemoTests/Pods-RTMenuControllerDemoTests-frameworks.sh\"\n";
			showEnvVarsInLog = 0;
		};
		76BBF2C3D132D62A47277909 /* [CP] Copy Pods Resources */ = {
			isa = PBXShellScriptBuildPhase;
			buildActionMask = 2147483647;
			files = (
			);
			inputPaths = (
			);
			name = "[CP] Copy Pods Resources";
			outputPaths = (
			);
			runOnlyForDeploymentPostprocessing = 0;
			shellPath = /bin/sh;
			shellScript = "\"${SRCROOT}/Pods/Target Support Files/Pods-RTMenuControllerDemoTests/Pods-RTMenuControllerDemoTests-resources.sh\"\n";
			showEnvVarsInLog = 0;
		};
		7EB9A105217E0DEA4A88754B /* [CP] Copy Pods Resources */ = {
			isa = PBXShellScriptBuildPhase;
			buildActionMask = 2147483647;
			files = (
			);
			inputPaths = (
			);
			name = "[CP] Copy Pods Resources";
			outputPaths = (
			);
			runOnlyForDeploymentPostprocessing = 0;
			shellPath = /bin/sh;
			shellScript = "\"${SRCROOT}/Pods/Target Support Files/Pods-RTMenuControllerDemoUITests/Pods-RTMenuControllerDemoUITests-resources.sh\"\n";
			showEnvVarsInLog = 0;
		};
		91D8738CFAEEF6A3F74EB2F7 /* [CP] Check Pods Manifest.lock */ = {
			isa = PBXShellScriptBuildPhase;
			buildActionMask = 2147483647;
			files = (
			);
			inputPaths = (
			);
			name = "[CP] Check Pods Manifest.lock";
			outputPaths = (
			);
			runOnlyForDeploymentPostprocessing = 0;
			shellPath = /bin/sh;
			shellScript = "diff \"${PODS_ROOT}/../Podfile.lock\" \"${PODS_ROOT}/Manifest.lock\" > /dev/null\nif [[ $? != 0 ]] ; then\n    cat << EOM\nerror: The sandbox is not in sync with the Podfile.lock. Run 'pod install' or update your CocoaPods installation.\nEOM\n    exit 1\nfi\n";
			showEnvVarsInLog = 0;
		};
		9E31749FB7588D279BAC6D7C /* [CP] Check Pods Manifest.lock */ = {
			isa = PBXShellScriptBuildPhase;
			buildActionMask = 2147483647;
			files = (
			);
			inputPaths = (
			);
			name = "[CP] Check Pods Manifest.lock";
			outputPaths = (
			);
			runOnlyForDeploymentPostprocessing = 0;
			shellPath = /bin/sh;
			shellScript = "diff \"${PODS_ROOT}/../Podfile.lock\" \"${PODS_ROOT}/Manifest.lock\" > /dev/null\nif [[ $? != 0 ]] ; then\n    cat << EOM\nerror: The sandbox is not in sync with the Podfile.lock. Run 'pod install' or update your CocoaPods installation.\nEOM\n    exit 1\nfi\n";
			showEnvVarsInLog = 0;
		};
		CDA9233734DDD466F96B0BE8 /* [CP] Copy Pods Resources */ = {
			isa = PBXShellScriptBuildPhase;
			buildActionMask = 2147483647;
			files = (
			);
			inputPaths = (
			);
			name = "[CP] Copy Pods Resources";
			outputPaths = (
			);
			runOnlyForDeploymentPostprocessing = 0;
			shellPath = /bin/sh;
			shellScript = "\"${SRCROOT}/Pods/Target Support Files/Pods-RTMenuControllerDemo/Pods-RTMenuControllerDemo-resources.sh\"\n";
			showEnvVarsInLog = 0;
		};
		F918B5278F89EEEBA2712795 /* [CP] Embed Pods Frameworks */ = {
			isa = PBXShellScriptBuildPhase;
			buildActionMask = 2147483647;
			files = (
			);
			inputPaths = (
			);
			name = "[CP] Embed Pods Frameworks";
			outputPaths = (
			);
			runOnlyForDeploymentPostprocessing = 0;
			shellPath = /bin/sh;
			shellScript = "\"${SRCROOT}/Pods/Target Support Files/Pods-RTMenuControllerDemo/Pods-RTMenuControllerDemo-frameworks.sh\"\n";
			showEnvVarsInLog = 0;
		};
/* End PBXShellScriptBuildPhase section */

/* Begin PBXSourcesBuildPhase section */
		6A40A8AC1DE0780C00DFFEFB /* Sources */ = {
			isa = PBXSourcesBuildPhase;
			buildActionMask = 2147483647;
			files = (
				6A40A8B61DE0780D00DFFEFB /* ViewController.swift in Sources */,
				6A40A8B41DE0780D00DFFEFB /* AppDelegate.swift in Sources */,
			);
			runOnlyForDeploymentPostprocessing = 0;
		};
		6A40A8C01DE0780D00DFFEFB /* Sources */ = {
			isa = PBXSourcesBuildPhase;
			buildActionMask = 2147483647;
			files = (
				6A40A8C91DE0780D00DFFEFB /* RTMenuControllerDemoTests.swift in Sources */,
			);
			runOnlyForDeploymentPostprocessing = 0;
		};
		6A40A8CB1DE0780D00DFFEFB /* Sources */ = {
			isa = PBXSourcesBuildPhase;
			buildActionMask = 2147483647;
			files = (
				6A40A8D41DE0780D00DFFEFB /* RTMenuControllerDemoUITests.swift in Sources */,
			);
			runOnlyForDeploymentPostprocessing = 0;
		};
/* End PBXSourcesBuildPhase section */

/* Begin PBXTargetDependency section */
		6A40A8C61DE0780D00DFFEFB /* PBXTargetDependency */ = {
			isa = PBXTargetDependency;
			target = 6A40A8AF1DE0780C00DFFEFB /* RTMenuControllerDemo */;
			targetProxy = 6A40A8C51DE0780D00DFFEFB /* PBXContainerItemProxy */;
		};
		6A40A8D11DE0780D00DFFEFB /* PBXTargetDependency */ = {
			isa = PBXTargetDependency;
			target = 6A40A8AF1DE0780C00DFFEFB /* RTMenuControllerDemo */;
			targetProxy = 6A40A8D01DE0780D00DFFEFB /* PBXContainerItemProxy */;
		};
/* End PBXTargetDependency section */

/* Begin PBXVariantGroup section */
		6A40A8B71DE0780D00DFFEFB /* Main.storyboard */ = {
			isa = PBXVariantGroup;
			children = (
				6A40A8B81DE0780D00DFFEFB /* Base */,
			);
			name = Main.storyboard;
			sourceTree = "<group>";
		};
		6A40A8BC1DE0780D00DFFEFB /* LaunchScreen.storyboard */ = {
			isa = PBXVariantGroup;
			children = (
				6A40A8BD1DE0780D00DFFEFB /* Base */,
			);
			name = LaunchScreen.storyboard;
			sourceTree = "<group>";
		};
/* End PBXVariantGroup section */

/* Begin XCBuildConfiguration section */
		6A40A8D61DE0780D00DFFEFB /* Debug */ = {
			isa = XCBuildConfiguration;
			buildSettings = {
				ALWAYS_SEARCH_USER_PATHS = NO;
				CLANG_ANALYZER_NONNULL = YES;
				CLANG_CXX_LANGUAGE_STANDARD = "gnu++0x";
				CLANG_CXX_LIBRARY = "libc++";
				CLANG_ENABLE_MODULES = YES;
				CLANG_ENABLE_OBJC_ARC = YES;
				CLANG_WARN_BOOL_CONVERSION = YES;
				CLANG_WARN_CONSTANT_CONVERSION = YES;
				CLANG_WARN_DIRECT_OBJC_ISA_USAGE = YES_ERROR;
				CLANG_WARN_DOCUMENTATION_COMMENTS = YES;
				CLANG_WARN_EMPTY_BODY = YES;
				CLANG_WARN_ENUM_CONVERSION = YES;
				CLANG_WARN_INFINITE_RECURSION = YES;
				CLANG_WARN_INT_CONVERSION = YES;
				CLANG_WARN_OBJC_ROOT_CLASS = YES_ERROR;
				CLANG_WARN_SUSPICIOUS_MOVES = YES;
				CLANG_WARN_UNREACHABLE_CODE = YES;
				CLANG_WARN__DUPLICATE_METHOD_MATCH = YES;
				"CODE_SIGN_IDENTITY[sdk=iphoneos*]" = "iPhone Developer";
				COPY_PHASE_STRIP = NO;
				DEBUG_INFORMATION_FORMAT = dwarf;
				ENABLE_STRICT_OBJC_MSGSEND = YES;
				ENABLE_TESTABILITY = YES;
				GCC_C_LANGUAGE_STANDARD = gnu99;
				GCC_DYNAMIC_NO_PIC = NO;
				GCC_NO_COMMON_BLOCKS = YES;
				GCC_OPTIMIZATION_LEVEL = 0;
				GCC_PREPROCESSOR_DEFINITIONS = (
					"DEBUG=1",
					"$(inherited)",
				);
				GCC_WARN_64_TO_32_BIT_CONVERSION = YES;
				GCC_WARN_ABOUT_RETURN_TYPE = YES_ERROR;
				GCC_WARN_UNDECLARED_SELECTOR = YES;
				GCC_WARN_UNINITIALIZED_AUTOS = YES_AGGRESSIVE;
				GCC_WARN_UNUSED_FUNCTION = YES;
				GCC_WARN_UNUSED_VARIABLE = YES;
				IPHONEOS_DEPLOYMENT_TARGET = 8.0;
				MTL_ENABLE_DEBUG_INFO = YES;
				ONLY_ACTIVE_ARCH = YES;
				SDKROOT = iphoneos;
				SWIFT_ACTIVE_COMPILATION_CONDITIONS = DEBUG;
				SWIFT_OPTIMIZATION_LEVEL = "-Onone";
				TARGETED_DEVICE_FAMILY = "1,2";
			};
			name = Debug;
		};
		6A40A8D71DE0780D00DFFEFB /* Release */ = {
			isa = XCBuildConfiguration;
			buildSettings = {
				ALWAYS_SEARCH_USER_PATHS = NO;
				CLANG_ANALYZER_NONNULL = YES;
				CLANG_CXX_LANGUAGE_STANDARD = "gnu++0x";
				CLANG_CXX_LIBRARY = "libc++";
				CLANG_ENABLE_MODULES = YES;
				CLANG_ENABLE_OBJC_ARC = YES;
				CLANG_WARN_BOOL_CONVERSION = YES;
				CLANG_WARN_CONSTANT_CONVERSION = YES;
				CLANG_WARN_DIRECT_OBJC_ISA_USAGE = YES_ERROR;
				CLANG_WARN_DOCUMENTATION_COMMENTS = YES;
				CLANG_WARN_EMPTY_BODY = YES;
				CLANG_WARN_ENUM_CONVERSION = YES;
				CLANG_WARN_INFINITE_RECURSION = YES;
				CLANG_WARN_INT_CONVERSION = YES;
				CLANG_WARN_OBJC_ROOT_CLASS = YES_ERROR;
				CLANG_WARN_SUSPICIOUS_MOVES = YES;
				CLANG_WARN_UNREACHABLE_CODE = YES;
				CLANG_WARN__DUPLICATE_METHOD_MATCH = YES;
				"CODE_SIGN_IDENTITY[sdk=iphoneos*]" = "iPhone Developer";
				COPY_PHASE_STRIP = NO;
				DEBUG_INFORMATION_FORMAT = "dwarf-with-dsym";
				ENABLE_NS_ASSERTIONS = NO;
				ENABLE_STRICT_OBJC_MSGSEND = YES;
				GCC_C_LANGUAGE_STANDARD = gnu99;
				GCC_NO_COMMON_BLOCKS = YES;
				GCC_WARN_64_TO_32_BIT_CONVERSION = YES;
				GCC_WARN_ABOUT_RETURN_TYPE = YES_ERROR;
				GCC_WARN_UNDECLARED_SELECTOR = YES;
				GCC_WARN_UNINITIALIZED_AUTOS = YES_AGGRESSIVE;
				GCC_WARN_UNUSED_FUNCTION = YES;
				GCC_WARN_UNUSED_VARIABLE = YES;
				IPHONEOS_DEPLOYMENT_TARGET = 8.0;
				MTL_ENABLE_DEBUG_INFO = NO;
				SDKROOT = iphoneos;
				SWIFT_OPTIMIZATION_LEVEL = "-Owholemodule";
				TARGETED_DEVICE_FAMILY = "1,2";
				VALIDATE_PRODUCT = YES;
			};
			name = Release;
		};
		6A40A8D91DE0780D00DFFEFB /* Debug */ = {
			isa = XCBuildConfiguration;
			baseConfigurationReference = 32DA75E307E73814C2B6C071 /* Pods-RTMenuControllerDemo.debug.xcconfig */;
			buildSettings = {
				ASSETCATALOG_COMPILER_APPICON_NAME = AppIcon;
				INFOPLIST_FILE = RTMenuControllerDemo/Info.plist;
				LD_RUNPATH_SEARCH_PATHS = "$(inherited) @executable_path/Frameworks";
				PRODUCT_BUNDLE_IDENTIFIER = RyuichiTanimoto.RTMenuControllerDemo;
				PRODUCT_NAME = "$(TARGET_NAME)";
				SWIFT_VERSION = 3.0;
			};
			name = Debug;
		};
		6A40A8DA1DE0780D00DFFEFB /* Release */ = {
			isa = XCBuildConfiguration;
			baseConfigurationReference = 5B369D631D783606945D9FFA /* Pods-RTMenuControllerDemo.release.xcconfig */;
			buildSettings = {
				ASSETCATALOG_COMPILER_APPICON_NAME = AppIcon;
				INFOPLIST_FILE = RTMenuControllerDemo/Info.plist;
				LD_RUNPATH_SEARCH_PATHS = "$(inherited) @executable_path/Frameworks";
				PRODUCT_BUNDLE_IDENTIFIER = RyuichiTanimoto.RTMenuControllerDemo;
				PRODUCT_NAME = "$(TARGET_NAME)";
				SWIFT_VERSION = 3.0;
			};
			name = Release;
		};
		6A40A8DC1DE0780D00DFFEFB /* Debug */ = {
			isa = XCBuildConfiguration;
			baseConfigurationReference = 804C252BDF326BB11D048049 /* Pods-RTMenuControllerDemoTests.debug.xcconfig */;
			buildSettings = {
				ALWAYS_EMBED_SWIFT_STANDARD_LIBRARIES = YES;
				BUNDLE_LOADER = "$(TEST_HOST)";
				INFOPLIST_FILE = RTMenuControllerDemoTests/Info.plist;
				LD_RUNPATH_SEARCH_PATHS = "$(inherited) @executable_path/Frameworks @loader_path/Frameworks";
				PRODUCT_BUNDLE_IDENTIFIER = RyuichiTanimoto.RTMenuControllerDemoTests;
				PRODUCT_NAME = "$(TARGET_NAME)";
				SWIFT_VERSION = 3.0;
				TEST_HOST = "$(BUILT_PRODUCTS_DIR)/RTMenuControllerDemo.app/RTMenuControllerDemo";
			};
			name = Debug;
		};
		6A40A8DD1DE0780D00DFFEFB /* Release */ = {
			isa = XCBuildConfiguration;
			baseConfigurationReference = 1BFAB2FE7F58EA6768D8882B /* Pods-RTMenuControllerDemoTests.release.xcconfig */;
			buildSettings = {
				ALWAYS_EMBED_SWIFT_STANDARD_LIBRARIES = YES;
				BUNDLE_LOADER = "$(TEST_HOST)";
				INFOPLIST_FILE = RTMenuControllerDemoTests/Info.plist;
				LD_RUNPATH_SEARCH_PATHS = "$(inherited) @executable_path/Frameworks @loader_path/Frameworks";
				PRODUCT_BUNDLE_IDENTIFIER = RyuichiTanimoto.RTMenuControllerDemoTests;
				PRODUCT_NAME = "$(TARGET_NAME)";
				SWIFT_VERSION = 3.0;
				TEST_HOST = "$(BUILT_PRODUCTS_DIR)/RTMenuControllerDemo.app/RTMenuControllerDemo";
			};
			name = Release;
		};
		6A40A8DF1DE0780D00DFFEFB /* Debug */ = {
			isa = XCBuildConfiguration;
			baseConfigurationReference = 5B5F6E0145E0D3F60DC16A8E /* Pods-RTMenuControllerDemoUITests.debug.xcconfig */;
			buildSettings = {
				ALWAYS_EMBED_SWIFT_STANDARD_LIBRARIES = YES;
				INFOPLIST_FILE = RTMenuControllerDemoUITests/Info.plist;
				LD_RUNPATH_SEARCH_PATHS = "$(inherited) @executable_path/Frameworks @loader_path/Frameworks";
				PRODUCT_BUNDLE_IDENTIFIER = RyuichiTanimoto.RTMenuControllerDemoUITests;
				PRODUCT_NAME = "$(TARGET_NAME)";
				SWIFT_VERSION = 3.0;
				TEST_TARGET_NAME = RTMenuControllerDemo;
			};
			name = Debug;
		};
		6A40A8E01DE0780D00DFFEFB /* Release */ = {
			isa = XCBuildConfiguration;
			baseConfigurationReference = 3025B7E825D4A4D4C85534F8 /* Pods-RTMenuControllerDemoUITests.release.xcconfig */;
			buildSettings = {
				ALWAYS_EMBED_SWIFT_STANDARD_LIBRARIES = YES;
				INFOPLIST_FILE = RTMenuControllerDemoUITests/Info.plist;
				LD_RUNPATH_SEARCH_PATHS = "$(inherited) @executable_path/Frameworks @loader_path/Frameworks";
				PRODUCT_BUNDLE_IDENTIFIER = RyuichiTanimoto.RTMenuControllerDemoUITests;
				PRODUCT_NAME = "$(TARGET_NAME)";
				SWIFT_VERSION = 3.0;
				TEST_TARGET_NAME = RTMenuControllerDemo;
			};
			name = Release;
		};
/* End XCBuildConfiguration section */

/* Begin XCConfigurationList section */
		6A40A8AB1DE0780C00DFFEFB /* Build configuration list for PBXProject "RTMenuControllerDemo" */ = {
			isa = XCConfigurationList;
			buildConfigurations = (
				6A40A8D61DE0780D00DFFEFB /* Debug */,
				6A40A8D71DE0780D00DFFEFB /* Release */,
			);
			defaultConfigurationIsVisible = 0;
			defaultConfigurationName = Release;
		};
		6A40A8D81DE0780D00DFFEFB /* Build configuration list for PBXNativeTarget "RTMenuControllerDemo" */ = {
			isa = XCConfigurationList;
			buildConfigurations = (
				6A40A8D91DE0780D00DFFEFB /* Debug */,
				6A40A8DA1DE0780D00DFFEFB /* Release */,
			);
			defaultConfigurationIsVisible = 0;
			defaultConfigurationName = Release;
		};
		6A40A8DB1DE0780D00DFFEFB /* Build configuration list for PBXNativeTarget "RTMenuControllerDemoTests" */ = {
			isa = XCConfigurationList;
			buildConfigurations = (
				6A40A8DC1DE0780D00DFFEFB /* Debug */,
				6A40A8DD1DE0780D00DFFEFB /* Release */,
			);
			defaultConfigurationIsVisible = 0;
			defaultConfigurationName = Release;
		};
		6A40A8DE1DE0780D00DFFEFB /* Build configuration list for PBXNativeTarget "RTMenuControllerDemoUITests" */ = {
			isa = XCConfigurationList;
			buildConfigurations = (
				6A40A8DF1DE0780D00DFFEFB /* Debug */,
				6A40A8E01DE0780D00DFFEFB /* Release */,
			);
			defaultConfigurationIsVisible = 0;
			defaultConfigurationName = Release;
		};
/* End XCConfigurationList section */
	};
	rootObject = 6A40A8A81DE0780C00DFFEFB /* Project object */;
}
