PODS:
  - RTMenuController (0.0.1):
    - swift-utilities (~> 0.1.0)
  - swift-utilities (0.1.0)

DEPENDENCIES:
  - RTMenuController (from `..`)

EXTERNAL SOURCES:
  RTMenuController:
    :path: ".."

SPEC CHECKSUMS:
  RTMenuController: eb0b4178870b112e13c197c11ab0d687d29a5d1c
  swift-utilities: 9697196c696a8452cb2bf9b8e4f4b690b7727253

PODFILE CHECKSUM: caba754dd6e097c6a752c5233b06ae4109576334

COCOAPODS: 1.0.1
