PODS:
  - RTMenuController (0.0.1):
    - swift-utilities (~> 0.1.0)
  - swift-utilities (0.1.2)

DEPENDENCIES:
  - RTMenuController (from `..`)

EXTERNAL SOURCES:
  RTMenuController:
    :path: ".."

SPEC CHECKSUMS:
  RTMenuController: 707935d0d69174739bc4f6b658485a4356c68db0
  swift-utilities: f21ceb4c3acda1654acdd9f78ed52348939d6eb4

PODFILE CHECKSUM: 5b424e0190eae93d851e1bb093dbdcd236f43f0c

COCOAPODS: 1.0.1
